
Microsoft Visual Studio Solution File, Format Version 12.00
# Visual Studio Version 17
VisualStudioVersion = 17.2.32519.379
MinimumVisualStudioVersion = 10.0.40219.1
Project("{FAE04EC0-301F-11D3-BF4B-00C04F79EFBC}") = "Q1", "Q1\Q1.csproj", "{356FEB89-E2D2-49E5-9CC5-6D7B634F156B}"
EndProject
Project("{FAE04EC0-301F-11D3-BF4B-00C04F79EFBC}") = "Q2", "Q2\Q2.csproj", "{536CE8DA-A39C-4C6E-B4E7-79A65221DDAD}"
EndProject
Project("{FAE04EC0-301F-11D3-BF4B-00C04F79EFBC}") = "Q3", "Q3\Q3.csproj", "{15033AC0-F17C-4408-AE66-59C65CEB6505}"
EndProject
Project("{FAE04EC0-301F-11D3-BF4B-00C04F79EFBC}") = "Q4", "Q4\Q4.csproj", "{52EBFDE4-9A70-4A8E-AB4A-DA03C33C3B81}"
EndProject
Global
	GlobalSection(SolutionConfigurationPlatforms) = preSolution
		Debug|Any CPU = Debug|Any CPU
		Release|Any CPU = Release|Any CPU
	EndGlobalSection
	GlobalSection(ProjectConfigurationPlatforms) = postSolution
		{356FEB89-E2D2-49E5-9CC5-6D7B634F156B}.Debug|Any CPU.ActiveCfg = Debug|Any CPU
		{356FEB89-E2D2-49E5-9CC5-6D7B634F156B}.Debug|Any CPU.Build.0 = Debug|Any CPU
		{356FEB89-E2D2-49E5-9CC5-6D7B634F156B}.Release|Any CPU.ActiveCfg = Release|Any CPU
		{356FEB89-E2D2-49E5-9CC5-6D7B634F156B}.Release|Any CPU.Build.0 = Release|Any CPU
		{536CE8DA-A39C-4C6E-B4E7-79A65221DDAD}.Debug|Any CPU.ActiveCfg = Debug|Any CPU
		{536CE8DA-A39C-4C6E-B4E7-79A65221DDAD}.Debug|Any CPU.Build.0 = Debug|Any CPU
		{536CE8DA-A39C-4C6E-B4E7-79A65221DDAD}.Release|Any CPU.ActiveCfg = Release|Any CPU
		{536CE8DA-A39C-4C6E-B4E7-79A65221DDAD}.Release|Any CPU.Build.0 = Release|Any CPU
		{15033AC0-F17C-4408-AE66-59C65CEB6505}.Debug|Any CPU.ActiveCfg = Debug|Any CPU
		{15033AC0-F17C-4408-AE66-59C65CEB6505}.Debug|Any CPU.Build.0 = Debug|Any CPU
		{15033AC0-F17C-4408-AE66-59C65CEB6505}.Release|Any CPU.ActiveCfg = Release|Any CPU
		{15033AC0-F17C-4408-AE66-59C65CEB6505}.Release|Any CPU.Build.0 = Release|Any CPU
		{52EBFDE4-9A70-4A8E-AB4A-DA03C33C3B81}.Debug|Any CPU.ActiveCfg = Debug|Any CPU
		{52EBFDE4-9A70-4A8E-AB4A-DA03C33C3B81}.Debug|Any CPU.Build.0 = Debug|Any CPU
		{52EBFDE4-9A70-4A8E-AB4A-DA03C33C3B81}.Release|Any CPU.ActiveCfg = Release|Any CPU
		{52EBFDE4-9A70-4A8E-AB4A-DA03C33C3B81}.Release|Any CPU.Build.0 = Release|Any CPU
	EndGlobalSection
	GlobalSection(SolutionProperties) = preSolution
		HideSolutionNode = FALSE
	EndGlobalSection
	GlobalSection(ExtensibilityGlobals) = postSolution
		SolutionGuid = {6101F5E0-91F2-4D61-AFCF-ABDBBC4BEB5A}
	EndGlobalSection
EndGlobal
